<?xml version="1.0" encoding="utf-8"?>
<Project ToolsVersion="4.0" xmlns="http://schemas.microsoft.com/developer/msbuild/2003">
  <ItemGroup>
    <Filter Include="Tests">
      <UniqueIdentifier>{bf3fc534-9a2f-4517-9368-e49f6e7b9e8b}</UniqueIdentifier>
    </Filter>
    <Filter Include="Framework">
      <UniqueIdentifier>{4FC737F1-C7A5-4376-A066-2A32D752A2FF}</UniqueIdentifier>
      <Extensions>cpp;c;cc;cxx;def;odl;idl;hpj;bat;asm;asmx</Extensions>
    </Filter>
    <Filter Include="Framework\catch2">
      <UniqueIdentifier>{5c7dcad4-0a02-4905-971b-78a34a5b513b}</UniqueIdentifier>
    </Filter>
    <Filter Include="Framework\tests">
      <UniqueIdentifier>{185d1854-cfb0-460c-8e5a-9a023eb83f61}</UniqueIdentifier>
    </Filter>
    <Filter Include="Mocks">
      <UniqueIdentifier>{ee5cc03e-a92e-445d-98df-4ef4a7ecf5e5}</UniqueIdentifier>
    </Filter>
  </ItemGroup>
  <ItemGroup>
    <ClCompile Include="src\pch.cpp">
      <Filter>Framework</Filter>
    </ClCompile>
    <ClCompile Include="src\Main.cpp">
      <Filter>Framework</Filter>
    </ClCompile>
    <ClCompile Include="src\TestApplication.cpp">
      <Filter>Tests</Filter>
    </ClCompile>
    <ClCompile Include="src\MockWindow.cpp">
      <Filter>Mocks</Filter>
    </ClCompile>
    <ClCompile Include="src\MockSDL.cpp">
      <Filter>Mocks</Filter>
    </ClCompile>
  </ItemGroup>
  <ItemGroup>
    <ClInclude Include="include\pch.h">
      <Filter>Framework</Filter>
    </ClInclude>
    <ClInclude Include="include\catch2\catch.h">
      <Filter>Framework\catch2</Filter>
    </ClInclude>
    <ClInclude Include="include\MockResources.h">
      <Filter>Mocks</Filter>
    </ClInclude>
    <ClInclude Include="include\MockSDL.h">
      <Filter>Mocks</Filter>
    </ClInclude>
    <ClInclude Include="include\MockWindow.h">
      <Filter>Mocks</Filter>
    </ClInclude>
  </ItemGroup>
</Project>