
Microsoft Visual Studio Solution File, Format Version 12.00
# Visual Studio Version 17
VisualStudioVersion = 17.2.32526.322
MinimumVisualStudioVersion = 10.0.40219.1
Project("{8BC9CEB8-8B4A-11D0-8D11-00A0C91BC942}") = "Open-Rival", "Open-Rival\Open-Rival.vcxproj", "{AE6B3FDA-A900-4013-82C7-110DA7895525}"
EndProject
Project("{8BC9CEB8-8B4A-11D0-8D11-00A0C91BC942}") = "image-extractor", "image-extractor\image-extractor.vcxproj", "{364EA7A1-557F-4A2D-9BD7-F1AAA0037A81}"
EndProject
Project("{8BC9CEB8-8B4A-11D0-8D11-00A0C91BC942}") = "texture-builder", "texture-builder\texture-builder.vcxproj", "{F799B1CE-C637-4E4D-B0B3-7EF9188D52AF}"
EndProject
Project("{8BC9CEB8-8B4A-11D0-8D11-00A0C91BC942}") = "audio-extractor", "audio-extractor\audio-extractor.vcxproj", "{B53561FB-5096-4A61-8227-7BF141480B9C}"
EndProject
Project("{8BC9CEB8-8B4A-11D0-8D11-00A0C91BC942}") = "campaign-extractor", "campaign-extractor\campaign-extractor.vcxproj", "{A40D7F0C-B306-4E5C-AD11-8EA0EE27E921}"
EndProject
Project("{8BC9CEB8-8B4A-11D0-8D11-00A0C91BC942}") = "setup", "setup\setup.vcxproj", "{3EA1B6A1-7A16-4C8A-B4DA-BDCEB2AE65D8}"
EndProject
Project("{8BC9CEB8-8B4A-11D0-8D11-00A0C91BC942}") = "interface-extractor", "interface-extractor\interface-extractor.vcxproj", "{E71A5382-AE3A-4DAD-8813-C546BBB06F1B}"
EndProject
Project("{2150E333-8FDC-42A3-9474-1A3956D46DE8}") = "Solution Items", "Solution Items", "{8AC912AD-969E-4C54-94C6-28C2D73A4790}"
	ProjectSection(SolutionItems) = preProject
		.clang-format = .clang-format
		..\dist\docs\changelog.txt = ..\dist\docs\changelog.txt
		..\docs\TODO.md = ..\docs\TODO.md
	EndProjectSection
EndProject
Project("{8BC9CEB8-8B4A-11D0-8D11-00A0C91BC942}") = "Open-Rival-test", "Open-Rival-test\Open-Rival-test.vcxproj", "{D1F5ED16-00DF-401C-9573-9A1349B3E53B}"
EndProject
Global
	GlobalSection(SolutionConfigurationPlatforms) = preSolution
		Debug|x64 = Debug|x64
		Debug|x86 = Debug|x86
		Release|x64 = Release|x64
		Release|x86 = Release|x86
	EndGlobalSection
	GlobalSection(ProjectConfigurationPlatforms) = postSolution
		{AE6B3FDA-A900-4013-82C7-110DA7895525}.Debug|x64.ActiveCfg = Debug|x64
		{AE6B3FDA-A900-4013-82C7-110DA7895525}.Debug|x64.Build.0 = Debug|x64
		{AE6B3FDA-A900-4013-82C7-110DA7895525}.Debug|x86.ActiveCfg = Debug|Win32
		{AE6B3FDA-A900-4013-82C7-110DA7895525}.Debug|x86.Build.0 = Debug|Win32
		{AE6B3FDA-A900-4013-82C7-110DA7895525}.Release|x64.ActiveCfg = Release|x64
		{AE6B3FDA-A900-4013-82C7-110DA7895525}.Release|x64.Build.0 = Release|x64
		{AE6B3FDA-A900-4013-82C7-110DA7895525}.Release|x86.ActiveCfg = Release|Win32
		{AE6B3FDA-A900-4013-82C7-110DA7895525}.Release|x86.Build.0 = Release|Win32
		{364EA7A1-557F-4A2D-9BD7-F1AAA0037A81}.Debug|x64.ActiveCfg = Debug|x64
		{364EA7A1-557F-4A2D-9BD7-F1AAA0037A81}.Debug|x64.Build.0 = Debug|x64
		{364EA7A1-557F-4A2D-9BD7-F1AAA0037A81}.Debug|x86.ActiveCfg = Debug|Win32
		{364EA7A1-557F-4A2D-9BD7-F1AAA0037A81}.Debug|x86.Build.0 = Debug|Win32
		{364EA7A1-557F-4A2D-9BD7-F1AAA0037A81}.Release|x64.ActiveCfg = Release|x64
		{364EA7A1-557F-4A2D-9BD7-F1AAA0037A81}.Release|x64.Build.0 = Release|x64
		{364EA7A1-557F-4A2D-9BD7-F1AAA0037A81}.Release|x86.ActiveCfg = Release|Win32
		{364EA7A1-557F-4A2D-9BD7-F1AAA0037A81}.Release|x86.Build.0 = Release|Win32
		{F799B1CE-C637-4E4D-B0B3-7EF9188D52AF}.Debug|x64.ActiveCfg = Debug|x64
		{F799B1CE-C637-4E4D-B0B3-7EF9188D52AF}.Debug|x64.Build.0 = Debug|x64
		{F799B1CE-C637-4E4D-B0B3-7EF9188D52AF}.Debug|x86.ActiveCfg = Debug|Win32
		{F799B1CE-C637-4E4D-B0B3-7EF9188D52AF}.Debug|x86.Build.0 = Debug|Win32
		{F799B1CE-C637-4E4D-B0B3-7EF9188D52AF}.Release|x64.ActiveCfg = Release|x64
		{F799B1CE-C637-4E4D-B0B3-7EF9188D52AF}.Release|x64.Build.0 = Release|x64
		{F799B1CE-C637-4E4D-B0B3-7EF9188D52AF}.Release|x86.ActiveCfg = Release|Win32
		{F799B1CE-C637-4E4D-B0B3-7EF9188D52AF}.Release|x86.Build.0 = Release|Win32
		{B53561FB-5096-4A61-8227-7BF141480B9C}.Debug|x64.ActiveCfg = Debug|x64
		{B53561FB-5096-4A61-8227-7BF141480B9C}.Debug|x64.Build.0 = Debug|x64
		{B53561FB-5096-4A61-8227-7BF141480B9C}.Debug|x86.ActiveCfg = Debug|Win32
		{B53561FB-5096-4A61-8227-7BF141480B9C}.Debug|x86.Build.0 = Debug|Win32
		{B53561FB-5096-4A61-8227-7BF141480B9C}.Release|x64.ActiveCfg = Release|x64
		{B53561FB-5096-4A61-8227-7BF141480B9C}.Release|x64.Build.0 = Release|x64
		{B53561FB-5096-4A61-8227-7BF141480B9C}.Release|x86.ActiveCfg = Release|Win32
		{B53561FB-5096-4A61-8227-7BF141480B9C}.Release|x86.Build.0 = Release|Win32
		{A40D7F0C-B306-4E5C-AD11-8EA0EE27E921}.Debug|x64.ActiveCfg = Debug|x64
		{A40D7F0C-B306-4E5C-AD11-8EA0EE27E921}.Debug|x64.Build.0 = Debug|x64
		{A40D7F0C-B306-4E5C-AD11-8EA0EE27E921}.Debug|x86.ActiveCfg = Debug|Win32
		{A40D7F0C-B306-4E5C-AD11-8EA0EE27E921}.Debug|x86.Build.0 = Debug|Win32
		{A40D7F0C-B306-4E5C-AD11-8EA0EE27E921}.Release|x64.ActiveCfg = Release|x64
		{A40D7F0C-B306-4E5C-AD11-8EA0EE27E921}.Release|x64.Build.0 = Release|x64
		{A40D7F0C-B306-4E5C-AD11-8EA0EE27E921}.Release|x86.ActiveCfg = Release|Win32
		{A40D7F0C-B306-4E5C-AD11-8EA0EE27E921}.Release|x86.Build.0 = Release|Win32
		{3EA1B6A1-7A16-4C8A-B4DA-BDCEB2AE65D8}.Debug|x64.ActiveCfg = Debug|x64
		{3EA1B6A1-7A16-4C8A-B4DA-BDCEB2AE65D8}.Debug|x64.Build.0 = Debug|x64
		{3EA1B6A1-7A16-4C8A-B4DA-BDCEB2AE65D8}.Debug|x86.ActiveCfg = Debug|Win32
		{3EA1B6A1-7A16-4C8A-B4DA-BDCEB2AE65D8}.Debug|x86.Build.0 = Debug|Win32
		{3EA1B6A1-7A16-4C8A-B4DA-BDCEB2AE65D8}.Release|x64.ActiveCfg = Release|x64
		{3EA1B6A1-7A16-4C8A-B4DA-BDCEB2AE65D8}.Release|x64.Build.0 = Release|x64
		{3EA1B6A1-7A16-4C8A-B4DA-BDCEB2AE65D8}.Release|x86.ActiveCfg = Release|Win32
		{3EA1B6A1-7A16-4C8A-B4DA-BDCEB2AE65D8}.Release|x86.Build.0 = Release|Win32
		{E71A5382-AE3A-4DAD-8813-C546BBB06F1B}.Debug|x64.ActiveCfg = Debug|x64
		{E71A5382-AE3A-4DAD-8813-C546BBB06F1B}.Debug|x64.Build.0 = Debug|x64
		{E71A5382-AE3A-4DAD-8813-C546BBB06F1B}.Debug|x86.ActiveCfg = Debug|Win32
		{E71A5382-AE3A-4DAD-8813-C546BBB06F1B}.Debug|x86.Build.0 = Debug|Win32
		{E71A5382-AE3A-4DAD-8813-C546BBB06F1B}.Release|x64.ActiveCfg = Release|x64
		{E71A5382-AE3A-4DAD-8813-C546BBB06F1B}.Release|x64.Build.0 = Release|x64
		{E71A5382-AE3A-4DAD-8813-C546BBB06F1B}.Release|x86.ActiveCfg = Release|Win32
		{E71A5382-AE3A-4DAD-8813-C546BBB06F1B}.Release|x86.Build.0 = Release|Win32
		{D1F5ED16-00DF-401C-9573-9A1349B3E53B}.Debug|x64.ActiveCfg = Debug|x64
		{D1F5ED16-00DF-401C-9573-9A1349B3E53B}.Debug|x64.Build.0 = Debug|x64
		{D1F5ED16-00DF-401C-9573-9A1349B3E53B}.Debug|x86.ActiveCfg = Debug|Win32
		{D1F5ED16-00DF-401C-9573-9A1349B3E53B}.Debug|x86.Build.0 = Debug|Win32
		{D1F5ED16-00DF-401C-9573-9A1349B3E53B}.Release|x64.ActiveCfg = Release|x64
		{D1F5ED16-00DF-401C-9573-9A1349B3E53B}.Release|x64.Build.0 = Release|x64
		{D1F5ED16-00DF-401C-9573-9A1349B3E53B}.Release|x86.ActiveCfg = Release|Win32
	EndGlobalSection
	GlobalSection(SolutionProperties) = preSolution
		HideSolutionNode = FALSE
	EndGlobalSection
	GlobalSection(ExtensibilityGlobals) = postSolution
		SolutionGuid = {4DE4160C-8B08-4453-9B61-344EB12267D4}
	EndGlobalSection
EndGlobal
