<?xml version="1.0" encoding="utf-8"?>
<Project ToolsVersion="4.0" xmlns="http://schemas.microsoft.com/developer/msbuild/2003">
  <ItemGroup>
    <Filter Include="Source Files">
      <UniqueIdentifier>{4FC737F1-C7A5-4376-A066-2A32D752A2FF}</UniqueIdentifier>
      <Extensions>cpp;c;cc;cxx;def;odl;idl;hpj;bat;asm;asmx;h;hh;hpp;hxx;hm;inl;inc;xsd</Extensions>
    </Filter>
    <Filter Include="Source Files\io">
      <UniqueIdentifier>{105fb70f-639a-4ff3-8aed-fae9aa5a43b5}</UniqueIdentifier>
    </Filter>
    <Filter Include="Source Files\gl">
      <UniqueIdentifier>{1dfcefa1-3182-4f78-bdf4-ba7d83115c37}</UniqueIdentifier>
    </Filter>
    <Filter Include="Source Files\render">
      <UniqueIdentifier>{edfef396-add3-4341-a1d5-c1918f4aeaf1}</UniqueIdentifier>
    </Filter>
    <Filter Include="Source Files\utils">
      <UniqueIdentifier>{a88f51de-cb90-4207-a922-9387655cb149}</UniqueIdentifier>
    </Filter>
  </ItemGroup>
  <ItemGroup>
    <ClCompile Include="src\Rival.cpp">
      <Filter>Source Files</Filter>
    </ClCompile>
    <ClCompile Include="src\pch.cpp">
      <Filter>Source Files</Filter>
    </ClCompile>
    <ClCompile Include="src\Window.cpp">
      <Filter>Source Files</Filter>
    </ClCompile>
    <ClCompile Include="src\Main.cpp">
      <Filter>Source Files</Filter>
    </ClCompile>
    <ClCompile Include="src\Unit.cpp">
      <Filter>Source Files</Filter>
    </ClCompile>
    <ClCompile Include="src\Scenario.cpp">
      <Filter>Source Files</Filter>
    </ClCompile>
    <ClCompile Include="src\Tile.cpp">
      <Filter>Source Files</Filter>
    </ClCompile>
    <ClCompile Include="src\Camera.cpp">
      <Filter>Source Files</Filter>
    </ClCompile>
    <ClCompile Include="src\BinaryFileReader.cpp">
      <Filter>Source Files\io</Filter>
    </ClCompile>
    <ClCompile Include="src\Framebuffer.cpp">
      <Filter>Source Files\gl</Filter>
    </ClCompile>
    <ClCompile Include="src\Image.cpp">
      <Filter>Source Files\io</Filter>
    </ClCompile>
    <ClCompile Include="src\MathUtils.cpp">
      <Filter>Source Files\utils</Filter>
    </ClCompile>
    <ClCompile Include="src\Palette.cpp">
      <Filter>Source Files\render</Filter>
    </ClCompile>
    <ClCompile Include="src\ScenarioBuilder.cpp">
      <Filter>Source Files\io</Filter>
    </ClCompile>
    <ClCompile Include="src\ScenarioReader.cpp">
      <Filter>Source Files\io</Filter>
    </ClCompile>
    <ClCompile Include="src\ShaderUtils.cpp">
      <Filter>Source Files\utils</Filter>
    </ClCompile>
    <ClCompile Include="src\RenderUtils.cpp">
      <Filter>Source Files\utils</Filter>
    </ClCompile>
    <ClCompile Include="src\Shaders.cpp">
      <Filter>Source Files\gl</Filter>
    </ClCompile>
    <ClCompile Include="src\Texture.cpp">
      <Filter>Source Files\gl</Filter>
    </ClCompile>
    <ClCompile Include="src\SpriteRenderable.cpp">
      <Filter>Source Files\render</Filter>
    </ClCompile>
    <ClCompile Include="src\Spritesheet.cpp">
      <Filter>Source Files\render</Filter>
    </ClCompile>
    <ClCompile Include="src\UnitRenderer.cpp">
      <Filter>Source Files\render</Filter>
    </ClCompile>
    <ClCompile Include="src\TileRenderer.cpp">
      <Filter>Source Files\render</Filter>
    </ClCompile>
    <ClCompile Include="src\FramebufferRenderer.cpp">
      <Filter>Source Files\render</Filter>
    </ClCompile>
    <ClCompile Include="src\MousePicker.cpp">
      <Filter>Source Files</Filter>
    </ClCompile>
    <ClCompile Include="src\MapBorderRenderer.cpp">
      <Filter>Source Files\render</Filter>
    </ClCompile>
    <ClCompile Include="src\Resources.cpp">
      <Filter>Source Files</Filter>
    </ClCompile>
    <ClCompile Include="src\UnitAnimation.cpp">
      <Filter>Source Files</Filter>
    </ClCompile>
  </ItemGroup>
  <ItemGroup>
    <ClInclude Include="include\Camera.h">
      <Filter>Source Files</Filter>
    </ClInclude>
    <ClInclude Include="include\pch.h">
      <Filter>Source Files</Filter>
    </ClInclude>
    <ClInclude Include="include\Rival.h">
      <Filter>Source Files</Filter>
    </ClInclude>
    <ClInclude Include="include\Scenario.h">
      <Filter>Source Files</Filter>
    </ClInclude>
    <ClInclude Include="include\Tile.h">
      <Filter>Source Files</Filter>
    </ClInclude>
    <ClInclude Include="include\Unit.h">
      <Filter>Source Files</Filter>
    </ClInclude>
    <ClInclude Include="include\Window.h">
      <Filter>Source Files</Filter>
    </ClInclude>
    <ClInclude Include="include\BinaryFileReader.h">
      <Filter>Source Files\io</Filter>
    </ClInclude>
    <ClInclude Include="include\Framebuffer.h">
      <Filter>Source Files\gl</Filter>
    </ClInclude>
    <ClInclude Include="include\Image.h">
      <Filter>Source Files\io</Filter>
    </ClInclude>
    <ClInclude Include="include\MathUtils.h">
      <Filter>Source Files\utils</Filter>
    </ClInclude>
    <ClInclude Include="include\Palette.h">
      <Filter>Source Files\render</Filter>
    </ClInclude>
    <ClInclude Include="include\ScenarioBuilder.h">
      <Filter>Source Files\io</Filter>
    </ClInclude>
    <ClInclude Include="include\ScenarioData.h">
      <Filter>Source Files\io</Filter>
    </ClInclude>
    <ClInclude Include="include\ScenarioReader.h">
      <Filter>Source Files\io</Filter>
    </ClInclude>
    <ClInclude Include="include\ShaderUtils.h">
      <Filter>Source Files\utils</Filter>
    </ClInclude>
    <ClInclude Include="include\RenderUtils.h">
      <Filter>Source Files\utils</Filter>
    </ClInclude>
    <ClInclude Include="include\Shaders.h">
      <Filter>Source Files\gl</Filter>
    </ClInclude>
    <ClInclude Include="include\Texture.h">
      <Filter>Source Files\gl</Filter>
    </ClInclude>
    <ClInclude Include="include\SpriteRenderable.h">
      <Filter>Source Files\render</Filter>
    </ClInclude>
    <ClInclude Include="include\Spritesheet.h">
      <Filter>Source Files\render</Filter>
    </ClInclude>
    <ClInclude Include="include\UnitRenderer.h">
      <Filter>Source Files\render</Filter>
    </ClInclude>
    <ClInclude Include="include\TileRenderer.h">
      <Filter>Source Files\render</Filter>
    </ClInclude>
    <ClInclude Include="include\FramebufferRenderer.h">
      <Filter>Source Files\render</Filter>
    </ClInclude>
    <ClInclude Include="include\MousePicker.h">
      <Filter>Source Files</Filter>
    </ClInclude>
    <ClInclude Include="include\MapBorderRenderer.h">
      <Filter>Source Files\render</Filter>
    </ClInclude>
    <ClInclude Include="include\Race.h">
      <Filter>Source Files</Filter>
    </ClInclude>
    <ClInclude Include="include\TimerUtils.h">
      <Filter>Source Files\utils</Filter>
    </ClInclude>
    <ClInclude Include="include\Resources.h">
      <Filter>Source Files</Filter>
    </ClInclude>
    <ClInclude Include="include\UnitAnimation.h">
      <Filter>Source Files</Filter>
    </ClInclude>
    <ClInclude Include="include\UnitAnimationLookup.h">
      <Filter>Source Files</Filter>
    </ClInclude>
    <ClInclude Include="include\UnitTypes.h">
      <Filter>Source Files</Filter>
    </ClInclude>
  </ItemGroup>
</Project>