<?xml version="1.0" encoding="utf-8"?>
<Project ToolsVersion="4.0" xmlns="http://schemas.microsoft.com/developer/msbuild/2003">
  <ItemGroup>
    <Filter Include="Source Files">
      <UniqueIdentifier>{4FC737F1-C7A5-4376-A066-2A32D752A2FF}</UniqueIdentifier>
      <Extensions>cpp;c;cc;cxx;def;odl;idl;hpj;bat;asm;asmx</Extensions>
    </Filter>
    <Filter Include="Header Files">
      <UniqueIdentifier>{93995380-89BD-4b04-88EB-625FBE52EBFB}</UniqueIdentifier>
      <Extensions>h;hh;hpp;hxx;hm;inl;inc;xsd</Extensions>
    </Filter>
  </ItemGroup>
  <ItemGroup>
    <ClCompile Include="src\Rival.cpp">
      <Filter>Source Files</Filter>
    </ClCompile>
    <ClCompile Include="src\ShaderUtils.cpp">
      <Filter>Source Files</Filter>
    </ClCompile>
    <ClCompile Include="src\pch.cpp">
      <Filter>Source Files</Filter>
    </ClCompile>
    <ClCompile Include="src\Window.cpp">
      <Filter>Source Files</Filter>
    </ClCompile>
    <ClCompile Include="src\Shaders.cpp">
      <Filter>Source Files</Filter>
    </ClCompile>
    <ClCompile Include="src\Image.cpp">
      <Filter>Source Files</Filter>
    </ClCompile>
    <ClCompile Include="src\Palette.cpp">
      <Filter>Source Files</Filter>
    </ClCompile>
    <ClCompile Include="src\Main.cpp">
      <Filter>Source Files</Filter>
    </ClCompile>
    <ClCompile Include="src\BinaryFileReader.cpp">
      <Filter>Source Files</Filter>
    </ClCompile>
    <ClCompile Include="src\Sprite.cpp">
      <Filter>Source Files</Filter>
    </ClCompile>
    <ClCompile Include="src\Texture.cpp">
      <Filter>Source Files</Filter>
    </ClCompile>
    <ClCompile Include="src\Unit.cpp">
      <Filter>Source Files</Filter>
    </ClCompile>
    <ClCompile Include="src\Renderable.cpp">
      <Filter>Source Files</Filter>
    </ClCompile>
    <ClCompile Include="src\UnitRenderer.cpp">
      <Filter>Source Files</Filter>
    </ClCompile>
    <ClCompile Include="src\Scenario.cpp">
      <Filter>Source Files</Filter>
    </ClCompile>
    <ClCompile Include="src\TileRenderer.cpp">
      <Filter>Source Files</Filter>
    </ClCompile>
  </ItemGroup>
  <ItemGroup>
    <ClInclude Include="include\pch.h">
      <Filter>Header Files</Filter>
    </ClInclude>
    <ClInclude Include="include\Rival.h">
      <Filter>Header Files</Filter>
    </ClInclude>
    <ClInclude Include="include\ShaderUtils.h">
      <Filter>Header Files</Filter>
    </ClInclude>
    <ClInclude Include="include\Window.h">
      <Filter>Header Files</Filter>
    </ClInclude>
    <ClInclude Include="include\Shaders.h">
      <Filter>Header Files</Filter>
    </ClInclude>
    <ClInclude Include="include\Image.h">
      <Filter>Header Files</Filter>
    </ClInclude>
    <ClInclude Include="include\Palette.h">
      <Filter>Header Files</Filter>
    </ClInclude>
    <ClInclude Include="include\BinaryFileReader.h">
      <Filter>Header Files</Filter>
    </ClInclude>
    <ClInclude Include="include\Sprite.h">
      <Filter>Header Files</Filter>
    </ClInclude>
    <ClInclude Include="include\Texture.h">
      <Filter>Header Files</Filter>
    </ClInclude>
    <ClInclude Include="include\Unit.h">
      <Filter>Header Files</Filter>
    </ClInclude>
    <ClInclude Include="include\Renderable.h">
      <Filter>Header Files</Filter>
    </ClInclude>
    <ClInclude Include="include\UnitRenderer.h">
      <Filter>Header Files</Filter>
    </ClInclude>
    <ClInclude Include="include\Scenario.h">
      <Filter>Header Files</Filter>
    </ClInclude>
    <ClInclude Include="include\TileRenderer.h">
      <Filter>Header Files</Filter>
    </ClInclude>
  </ItemGroup>
</Project>