<?xml version="1.0" encoding="utf-8"?>
<Project ToolsVersion="4.0" xmlns="http://schemas.microsoft.com/developer/msbuild/2003">
  <ItemGroup>
    <Filter Include="Source Files">
      <UniqueIdentifier>{4FC737F1-C7A5-4376-A066-2A32D752A2FF}</UniqueIdentifier>
      <Extensions>cpp;c;cc;cxx;def;odl;idl;hpj;bat;asm;asmx;h;hh;hpp;hxx;hm;inl;inc;xsd</Extensions>
    </Filter>
    <Filter Include="Source Files\io">
      <UniqueIdentifier>{105fb70f-639a-4ff3-8aed-fae9aa5a43b5}</UniqueIdentifier>
    </Filter>
    <Filter Include="Source Files\gl">
      <UniqueIdentifier>{1dfcefa1-3182-4f78-bdf4-ba7d83115c37}</UniqueIdentifier>
    </Filter>
    <Filter Include="Source Files\utils">
      <UniqueIdentifier>{a88f51de-cb90-4207-a922-9387655cb149}</UniqueIdentifier>
    </Filter>
    <Filter Include="Source Files\ui">
      <UniqueIdentifier>{82c7592d-af44-4683-9e6e-c2da92a73f1d}</UniqueIdentifier>
    </Filter>
    <Filter Include="Source Files\audio">
      <UniqueIdentifier>{a073e55d-c857-4903-b6d1-6ac181d1777d}</UniqueIdentifier>
    </Filter>
    <Filter Include="Source Files\audio\midi">
      <UniqueIdentifier>{80081f2e-2c13-4cbd-9612-8d94854b1596}</UniqueIdentifier>
    </Filter>
    <Filter Include="Source Files\application">
      <UniqueIdentifier>{af078048-f7a6-4f65-bd12-bcede0590492}</UniqueIdentifier>
    </Filter>
    <Filter Include="Source Files\entity-components">
      <UniqueIdentifier>{928ac342-04b2-49c7-945a-d50446949246}</UniqueIdentifier>
    </Filter>
    <Filter Include="Source Files\gfx">
      <UniqueIdentifier>{edfef396-add3-4341-a1d5-c1918f4aeaf1}</UniqueIdentifier>
    </Filter>
    <Filter Include="Source Files\audio\wav">
      <UniqueIdentifier>{2b44bf75-993c-4c43-beca-d112c453d73c}</UniqueIdentifier>
    </Filter>
    <Filter Include="Resources">
      <UniqueIdentifier>{679b36e1-8832-46d0-80a9-0e314855e7ed}</UniqueIdentifier>
    </Filter>
    <Filter Include="pch">
      <UniqueIdentifier>{b4c25764-bb69-4f4e-9fe7-c8da32619be3}</UniqueIdentifier>
    </Filter>
  </ItemGroup>
  <ItemGroup>
    <ClCompile Include="src\Main.cpp">
      <Filter>Source Files</Filter>
    </ClCompile>
    <ClCompile Include="src\World.cpp">
      <Filter>Source Files</Filter>
    </ClCompile>
    <ClCompile Include="src\Tile.cpp">
      <Filter>Source Files</Filter>
    </ClCompile>
    <ClCompile Include="src\Camera.cpp">
      <Filter>Source Files</Filter>
    </ClCompile>
    <ClCompile Include="src\BinaryFileReader.cpp">
      <Filter>Source Files\io</Filter>
    </ClCompile>
    <ClCompile Include="src\Framebuffer.cpp">
      <Filter>Source Files\gl</Filter>
    </ClCompile>
    <ClCompile Include="src\Image.cpp">
      <Filter>Source Files\io</Filter>
    </ClCompile>
    <ClCompile Include="src\MathUtils.cpp">
      <Filter>Source Files\utils</Filter>
    </ClCompile>
    <ClCompile Include="src\Palette.cpp">
      <Filter>Source Files\gfx</Filter>
    </ClCompile>
    <ClCompile Include="src\ScenarioBuilder.cpp">
      <Filter>Source Files\io</Filter>
    </ClCompile>
    <ClCompile Include="src\ScenarioReader.cpp">
      <Filter>Source Files\io</Filter>
    </ClCompile>
    <ClCompile Include="src\ShaderUtils.cpp">
      <Filter>Source Files\utils</Filter>
    </ClCompile>
    <ClCompile Include="src\RenderUtils.cpp">
      <Filter>Source Files\utils</Filter>
    </ClCompile>
    <ClCompile Include="src\Shaders.cpp">
      <Filter>Source Files\gl</Filter>
    </ClCompile>
    <ClCompile Include="src\Texture.cpp">
      <Filter>Source Files\gl</Filter>
    </ClCompile>
    <ClCompile Include="src\SpriteRenderable.cpp">
      <Filter>Source Files\gfx</Filter>
    </ClCompile>
    <ClCompile Include="src\Spritesheet.cpp">
      <Filter>Source Files\gfx</Filter>
    </ClCompile>
    <ClCompile Include="src\TileRenderer.cpp">
      <Filter>Source Files\gfx</Filter>
    </ClCompile>
    <ClCompile Include="src\FramebufferRenderer.cpp">
      <Filter>Source Files\gfx</Filter>
    </ClCompile>
    <ClCompile Include="src\MousePicker.cpp">
      <Filter>Source Files</Filter>
    </ClCompile>
    <ClCompile Include="src\MapBorderRenderer.cpp">
      <Filter>Source Files\gfx</Filter>
    </ClCompile>
    <ClCompile Include="src\Building.cpp">
      <Filter>Source Files</Filter>
    </ClCompile>
    <ClCompile Include="src\Rect.cpp">
      <Filter>Source Files</Filter>
    </ClCompile>
    <ClCompile Include="src\GameRenderer.cpp">
      <Filter>Source Files\gfx</Filter>
    </ClCompile>
    <ClCompile Include="src\GameState.cpp">
      <Filter>Source Files</Filter>
    </ClCompile>
    <ClCompile Include="src\Entity.cpp">
      <Filter>Source Files</Filter>
    </ClCompile>
    <ClCompile Include="src\EntityComponent.cpp">
      <Filter>Source Files</Filter>
    </ClCompile>
    <ClCompile Include="src\FacingComponent.cpp">
      <Filter>Source Files\entity-components</Filter>
    </ClCompile>
    <ClCompile Include="src\EntityRenderer.cpp">
      <Filter>Source Files\gfx</Filter>
    </ClCompile>
    <ClCompile Include="src\SpriteComponent.cpp">
      <Filter>Source Files\entity-components</Filter>
    </ClCompile>
    <ClCompile Include="src\EntityFactory.cpp">
      <Filter>Source Files</Filter>
    </ClCompile>
    <ClCompile Include="src\OwnerComponent.cpp">
      <Filter>Source Files\entity-components</Filter>
    </ClCompile>
    <ClCompile Include="src\UnitPropsComponent.cpp">
      <Filter>Source Files\entity-components</Filter>
    </ClCompile>
    <ClCompile Include="src\BuildingPropsComponent.cpp">
      <Filter>Source Files\entity-components</Filter>
    </ClCompile>
    <ClCompile Include="src\AnimationComponent.cpp">
      <Filter>Source Files\entity-components</Filter>
    </ClCompile>
    <ClCompile Include="src\Animations.cpp">
      <Filter>Source Files</Filter>
    </ClCompile>
    <ClCompile Include="src\WallComponent.cpp">
      <Filter>Source Files\entity-components</Filter>
    </ClCompile>
    <ClCompile Include="src\PassabilityComponent.cpp">
      <Filter>Source Files\entity-components</Filter>
    </ClCompile>
    <ClCompile Include="src\MouseUtils.cpp">
      <Filter>Source Files\utils</Filter>
    </ClCompile>
    <ClCompile Include="src\TextureAtlas.cpp">
      <Filter>Source Files\gfx</Filter>
    </ClCompile>
    <ClCompile Include="src\UiRenderer.cpp">
      <Filter>Source Files\gfx</Filter>
    </ClCompile>
    <ClCompile Include="src\AtlasRenderable.cpp">
      <Filter>Source Files\gfx</Filter>
    </ClCompile>
    <ClCompile Include="src\GameInterface.cpp">
      <Filter>Source Files\ui</Filter>
    </ClCompile>
    <ClCompile Include="src\AudioUtils.cpp">
      <Filter>Source Files\audio</Filter>
    </ClCompile>
    <ClCompile Include="src\AudioSystem.cpp">
      <Filter>Source Files\audio</Filter>
    </ClCompile>
    <ClCompile Include="src\MidiContainer.cpp">
      <Filter>Source Files\audio\midi</Filter>
    </ClCompile>
    <ClCompile Include="src\MidiFile.cpp">
      <Filter>Source Files\audio\midi</Filter>
    </ClCompile>
    <ClCompile Include="src\MidiPlayer.cpp">
      <Filter>Source Files\audio\midi</Filter>
    </ClCompile>
    <ClCompile Include="src\MidsDecoder.cpp">
      <Filter>Source Files\audio\midi</Filter>
    </ClCompile>
    <ClCompile Include="src\Application.cpp">
      <Filter>Source Files\application</Filter>
    </ClCompile>
    <ClCompile Include="src\Window.cpp">
      <Filter>Source Files\application</Filter>
    </ClCompile>
    <ClCompile Include="src\State.cpp">
      <Filter>Source Files\application</Filter>
    </ClCompile>
    <ClCompile Include="src\Resources.cpp">
      <Filter>Source Files\application</Filter>
    </ClCompile>
    <ClCompile Include="src\WaveFile.cpp">
      <Filter>Source Files\audio\wav</Filter>
    </ClCompile>
    <ClCompile Include="src\SoundSource.cpp">
      <Filter>Source Files\audio</Filter>
    </ClCompile>
    <ClCompile Include="src\SleepUtils.cpp">
      <Filter>Source Files\utils</Filter>
    </ClCompile>
    <ClCompile Include="src\FileUtils.cpp">
      <Filter>Source Files\utils</Filter>
    </ClCompile>
    <ClCompile Include="src\pch.cpp">
      <Filter>pch</Filter>
    </ClCompile>
    <ClCompile Include="src\PaletteUtils.cpp">
      <Filter>Source Files\utils</Filter>
    </ClCompile>
    <ClCompile Include="src\StringUtils.cpp">
      <Filter>Source Files\utils</Filter>
    </ClCompile>
    <ClCompile Include="src\GLUtils.cpp">
      <Filter>Source Files\utils</Filter>
    </ClCompile>
    <ClCompile Include="src\TextRenderer.cpp">
      <Filter>Source Files\gfx</Filter>
    </ClCompile>
    <ClCompile Include="src\TextRenderable.cpp">
      <Filter>Source Files\gfx</Filter>
    </ClCompile>
    <ClCompile Include="src\Font.cpp">
      <Filter>Source Files</Filter>
    </ClCompile>
    <ClCompile Include="src\MenuTextRenderer.cpp">
      <Filter>Source Files\ui</Filter>
    </ClCompile>
    <ClCompile Include="src\Color.cpp">
      <Filter>Source Files\gfx</Filter>
    </ClCompile>
    <ClCompile Include="src\PathUtils.cpp">
      <Filter>Source Files\utils</Filter>
    </ClCompile>
    <ClCompile Include="src\WalkerComponent.cpp">
      <Filter>Source Files\entity-components</Filter>
    </ClCompile>
    <ClCompile Include="src\Pathfinding.cpp">
      <Filter>Source Files</Filter>
    </ClCompile>
    <ClCompile Include="src\MapUtils.cpp">
      <Filter>Source Files\utils</Filter>
    </ClCompile>
    <ClCompile Include="src\MovementComponent.cpp">
      <Filter>Source Files\entity-components</Filter>
    </ClCompile>
  </ItemGroup>
  <ItemGroup>
    <ClInclude Include="include\Camera.h">
      <Filter>Source Files</Filter>
    </ClInclude>
    <ClInclude Include="include\World.h">
      <Filter>Source Files</Filter>
    </ClInclude>
    <ClInclude Include="include\Tile.h">
      <Filter>Source Files</Filter>
    </ClInclude>
    <ClInclude Include="include\BinaryFileReader.h">
      <Filter>Source Files\io</Filter>
    </ClInclude>
    <ClInclude Include="include\Framebuffer.h">
      <Filter>Source Files\gl</Filter>
    </ClInclude>
    <ClInclude Include="include\Image.h">
      <Filter>Source Files\io</Filter>
    </ClInclude>
    <ClInclude Include="include\MathUtils.h">
      <Filter>Source Files\utils</Filter>
    </ClInclude>
    <ClInclude Include="include\Palette.h">
      <Filter>Source Files\gfx</Filter>
    </ClInclude>
    <ClInclude Include="include\ScenarioBuilder.h">
      <Filter>Source Files\io</Filter>
    </ClInclude>
    <ClInclude Include="include\ScenarioData.h">
      <Filter>Source Files\io</Filter>
    </ClInclude>
    <ClInclude Include="include\ScenarioReader.h">
      <Filter>Source Files\io</Filter>
    </ClInclude>
    <ClInclude Include="include\ShaderUtils.h">
      <Filter>Source Files\utils</Filter>
    </ClInclude>
    <ClInclude Include="include\RenderUtils.h">
      <Filter>Source Files\utils</Filter>
    </ClInclude>
    <ClInclude Include="include\Shaders.h">
      <Filter>Source Files\gl</Filter>
    </ClInclude>
    <ClInclude Include="include\Texture.h">
      <Filter>Source Files\gl</Filter>
    </ClInclude>
    <ClInclude Include="include\SpriteRenderable.h">
      <Filter>Source Files\gfx</Filter>
    </ClInclude>
    <ClInclude Include="include\Spritesheet.h">
      <Filter>Source Files\gfx</Filter>
    </ClInclude>
    <ClInclude Include="include\TileRenderer.h">
      <Filter>Source Files\gfx</Filter>
    </ClInclude>
    <ClInclude Include="include\FramebufferRenderer.h">
      <Filter>Source Files\gfx</Filter>
    </ClInclude>
    <ClInclude Include="include\MousePicker.h">
      <Filter>Source Files</Filter>
    </ClInclude>
    <ClInclude Include="include\MapBorderRenderer.h">
      <Filter>Source Files\gfx</Filter>
    </ClInclude>
    <ClInclude Include="include\Race.h">
      <Filter>Source Files</Filter>
    </ClInclude>
    <ClInclude Include="include\TimerUtils.h">
      <Filter>Source Files\utils</Filter>
    </ClInclude>
    <ClInclude Include="include\Building.h">
      <Filter>Source Files</Filter>
    </ClInclude>
    <ClInclude Include="include\Rect.h">
      <Filter>Source Files</Filter>
    </ClInclude>
    <ClInclude Include="include\GameRenderer.h">
      <Filter>Source Files\gfx</Filter>
    </ClInclude>
    <ClInclude Include="include\GameState.h">
      <Filter>Source Files</Filter>
    </ClInclude>
    <ClInclude Include="include\Entity.h">
      <Filter>Source Files</Filter>
    </ClInclude>
    <ClInclude Include="include\EntityComponent.h">
      <Filter>Source Files</Filter>
    </ClInclude>
    <ClInclude Include="include\FacingComponent.h">
      <Filter>Source Files\entity-components</Filter>
    </ClInclude>
    <ClInclude Include="include\Unit.h">
      <Filter>Source Files</Filter>
    </ClInclude>
    <ClInclude Include="include\EntityRenderer.h">
      <Filter>Source Files\gfx</Filter>
    </ClInclude>
    <ClInclude Include="include\SpriteComponent.h">
      <Filter>Source Files\entity-components</Filter>
    </ClInclude>
    <ClInclude Include="include\EntityFactory.h">
      <Filter>Source Files</Filter>
    </ClInclude>
    <ClInclude Include="include\OwnerComponent.h">
      <Filter>Source Files\entity-components</Filter>
    </ClInclude>
    <ClInclude Include="include\UnitPropsComponent.h">
      <Filter>Source Files\entity-components</Filter>
    </ClInclude>
    <ClInclude Include="include\BuildingPropsComponent.h">
      <Filter>Source Files\entity-components</Filter>
    </ClInclude>
    <ClInclude Include="include\AnimationComponent.h">
      <Filter>Source Files\entity-components</Filter>
    </ClInclude>
    <ClInclude Include="include\Animations.h">
      <Filter>Source Files</Filter>
    </ClInclude>
    <ClInclude Include="include\WallComponent.h">
      <Filter>Source Files\entity-components</Filter>
    </ClInclude>
    <ClInclude Include="include\PassabilityComponent.h">
      <Filter>Source Files\entity-components</Filter>
    </ClInclude>
    <ClInclude Include="include\MouseUtils.h">
      <Filter>Source Files\utils</Filter>
    </ClInclude>
    <ClInclude Include="include\TextureAtlas.h">
      <Filter>Source Files\gfx</Filter>
    </ClInclude>
    <ClInclude Include="include\UiRenderer.h">
      <Filter>Source Files\gfx</Filter>
    </ClInclude>
    <ClInclude Include="include\AtlasRenderable.h">
      <Filter>Source Files\gfx</Filter>
    </ClInclude>
    <ClInclude Include="include\GameInterface.h">
      <Filter>Source Files\ui</Filter>
    </ClInclude>
    <ClInclude Include="include\AudioUtils.h">
      <Filter>Source Files\audio</Filter>
    </ClInclude>
    <ClInclude Include="include\AudioSystem.h">
      <Filter>Source Files\audio</Filter>
    </ClInclude>
    <ClInclude Include="include\MidiContainer.h">
      <Filter>Source Files\audio\midi</Filter>
    </ClInclude>
    <ClInclude Include="include\MidiFile.h">
      <Filter>Source Files\audio\midi</Filter>
    </ClInclude>
    <ClInclude Include="include\MidiPlayer.h">
      <Filter>Source Files\audio\midi</Filter>
    </ClInclude>
    <ClInclude Include="include\MidsDecoder.h">
      <Filter>Source Files\audio\midi</Filter>
    </ClInclude>
    <ClInclude Include="include\Application.h">
      <Filter>Source Files\application</Filter>
    </ClInclude>
    <ClInclude Include="include\Window.h">
      <Filter>Source Files\application</Filter>
    </ClInclude>
    <ClInclude Include="include\State.h">
      <Filter>Source Files\application</Filter>
    </ClInclude>
    <ClInclude Include="include\Resources.h">
      <Filter>Source Files\application</Filter>
    </ClInclude>
    <ClInclude Include="include\WaveFile.h">
      <Filter>Source Files\audio\wav</Filter>
    </ClInclude>
    <ClInclude Include="include\SoundSource.h">
      <Filter>Source Files\audio</Filter>
    </ClInclude>
    <ClInclude Include="include\SleepUtils.h">
      <Filter>Source Files\utils</Filter>
    </ClInclude>
    <ClInclude Include="include\FileUtils.h">
      <Filter>Source Files\utils</Filter>
    </ClInclude>
    <ClInclude Include="include\ConfigUtils.h">
      <Filter>Source Files\utils</Filter>
    </ClInclude>
    <ClInclude Include="resource.h">
      <Filter>Source Files</Filter>
    </ClInclude>
    <ClInclude Include="include\pch.h">
      <Filter>pch</Filter>
    </ClInclude>
    <ClInclude Include="include\PaletteUtils.h">
      <Filter>Source Files\utils</Filter>
    </ClInclude>
    <ClInclude Include="include\StringUtils.h">
      <Filter>Source Files\utils</Filter>
    </ClInclude>
    <ClInclude Include="include\GLUtils.h">
      <Filter>Source Files\utils</Filter>
    </ClInclude>
    <ClInclude Include="include\TextRenderer.h">
      <Filter>Source Files\gfx</Filter>
    </ClInclude>
    <ClInclude Include="include\TextRenderable.h">
      <Filter>Source Files\gfx</Filter>
    </ClInclude>
    <ClInclude Include="include\Font.h">
      <Filter>Source Files</Filter>
    </ClInclude>
    <ClInclude Include="include\MenuTextRenderer.h">
      <Filter>Source Files\ui</Filter>
    </ClInclude>
    <ClInclude Include="include\Color.h">
      <Filter>Source Files\gfx</Filter>
    </ClInclude>
    <ClInclude Include="include\PathUtils.h">
      <Filter>Source Files\utils</Filter>
    </ClInclude>
    <ClInclude Include="include\WalkerComponent.h">
      <Filter>Source Files\entity-components</Filter>
    </ClInclude>
    <ClInclude Include="include\Pathfinding.h">
      <Filter>Source Files</Filter>
    </ClInclude>
    <ClInclude Include="include\MapUtils.h">
      <Filter>Source Files\utils</Filter>
    </ClInclude>
    <ClInclude Include="include\EnumUtils.h">
      <Filter>Source Files\utils</Filter>
    </ClInclude>
    <ClInclude Include="include\MovementComponent.h">
      <Filter>Source Files\entity-components</Filter>
    </ClInclude>
    <ClInclude Include="include\EntityUtils.h">
      <Filter>Source Files\utils</Filter>
    </ClInclude>
    <ClInclude Include="include\SDLWrapper.h">
      <Filter>Source Files</Filter>
    </ClInclude>
  </ItemGroup>
  <ItemGroup>
    <ResourceCompile Include="Open-Rival.rc" />
  </ItemGroup>
  <ItemGroup>
    <Image Include="res\icons\rival.ico" />
  </ItemGroup>
</Project>