<?xml version="1.0" encoding="utf-8"?>
<Project ToolsVersion="4.0" xmlns="http://schemas.microsoft.com/developer/msbuild/2003">
  <ItemGroup>
    <Filter Include="Source Files">
      <UniqueIdentifier>{4FC737F1-C7A5-4376-A066-2A32D752A2FF}</UniqueIdentifier>
      <Extensions>cpp;c;cc;cxx;def;odl;idl;hpj;bat;asm;asmx;h;hh;hpp;hxx;hm;inl;inc;xsd</Extensions>
    </Filter>
    <Filter Include="Source Files\io">
      <UniqueIdentifier>{105fb70f-639a-4ff3-8aed-fae9aa5a43b5}</UniqueIdentifier>
    </Filter>
    <Filter Include="Source Files\gl">
      <UniqueIdentifier>{1dfcefa1-3182-4f78-bdf4-ba7d83115c37}</UniqueIdentifier>
    </Filter>
    <Filter Include="Source Files\utils">
      <UniqueIdentifier>{a88f51de-cb90-4207-a922-9387655cb149}</UniqueIdentifier>
    </Filter>
    <Filter Include="Source Files\ui">
      <UniqueIdentifier>{82c7592d-af44-4683-9e6e-c2da92a73f1d}</UniqueIdentifier>
    </Filter>
    <Filter Include="Source Files\audio">
      <UniqueIdentifier>{a073e55d-c857-4903-b6d1-6ac181d1777d}</UniqueIdentifier>
    </Filter>
    <Filter Include="Source Files\audio\midi">
      <UniqueIdentifier>{80081f2e-2c13-4cbd-9612-8d94854b1596}</UniqueIdentifier>
    </Filter>
    <Filter Include="Source Files\application">
      <UniqueIdentifier>{af078048-f7a6-4f65-bd12-bcede0590492}</UniqueIdentifier>
    </Filter>
    <Filter Include="Source Files\entity-components">
      <UniqueIdentifier>{928ac342-04b2-49c7-945a-d50446949246}</UniqueIdentifier>
    </Filter>
    <Filter Include="Source Files\gfx">
      <UniqueIdentifier>{edfef396-add3-4341-a1d5-c1918f4aeaf1}</UniqueIdentifier>
    </Filter>
    <Filter Include="Source Files\audio\wav">
      <UniqueIdentifier>{2b44bf75-993c-4c43-beca-d112c453d73c}</UniqueIdentifier>
    </Filter>
    <Filter Include="Resources">
      <UniqueIdentifier>{679b36e1-8832-46d0-80a9-0e314855e7ed}</UniqueIdentifier>
    </Filter>
    <Filter Include="pch">
      <UniqueIdentifier>{b4c25764-bb69-4f4e-9fe7-c8da32619be3}</UniqueIdentifier>
    </Filter>
    <Filter Include="Source Files\game">
      <UniqueIdentifier>{161c5b4e-7e1d-4451-aac9-1d06210a19df}</UniqueIdentifier>
    </Filter>
    <Filter Include="Source Files\commands">
      <UniqueIdentifier>{7da6f1ed-7b51-43fa-8772-661c1c69311f}</UniqueIdentifier>
    </Filter>
    <Filter Include="Source Files\platform">
      <UniqueIdentifier>{be1d1fec-356b-4a16-acab-f83db883fd30}</UniqueIdentifier>
    </Filter>
    <Filter Include="Source Files\platform\unix">
      <UniqueIdentifier>{e899cd0d-3185-4a32-92f8-5e65ed04f9d9}</UniqueIdentifier>
    </Filter>
    <Filter Include="Source Files\platform\win32">
      <UniqueIdentifier>{26165829-cd84-4782-989e-4ae76ab112f3}</UniqueIdentifier>
    </Filter>
    <Filter Include="Source Files\net">
      <UniqueIdentifier>{6396a8e6-a82b-4ea1-9419-d7144e1ee3e1}</UniqueIdentifier>
    </Filter>
    <Filter Include="Source Files\net\packets">
      <UniqueIdentifier>{4407f81e-64f0-4c57-bab8-d6c444d59544}</UniqueIdentifier>
    </Filter>
    <Filter Include="Source Files\net\packet-handlers">
      <UniqueIdentifier>{03136e4e-6513-4300-845b-ba37e3364063}</UniqueIdentifier>
    </Filter>
    <Filter Include="Source Files\lobby">
      <UniqueIdentifier>{03cdbfb7-03e0-45db-b8e2-9df88319b5c4}</UniqueIdentifier>
    </Filter>
  </ItemGroup>
  <ItemGroup>
    <ClCompile Include="src\Main.cpp">
      <Filter>Source Files</Filter>
    </ClCompile>
    <ClCompile Include="src\World.cpp">
      <Filter>Source Files</Filter>
    </ClCompile>
    <ClCompile Include="src\BinaryFileReader.cpp">
      <Filter>Source Files\io</Filter>
    </ClCompile>
    <ClCompile Include="src\Framebuffer.cpp">
      <Filter>Source Files\gl</Filter>
    </ClCompile>
    <ClCompile Include="src\Image.cpp">
      <Filter>Source Files\io</Filter>
    </ClCompile>
    <ClCompile Include="src\MathUtils.cpp">
      <Filter>Source Files\utils</Filter>
    </ClCompile>
    <ClCompile Include="src\Palette.cpp">
      <Filter>Source Files\gfx</Filter>
    </ClCompile>
    <ClCompile Include="src\ScenarioBuilder.cpp">
      <Filter>Source Files\io</Filter>
    </ClCompile>
    <ClCompile Include="src\ScenarioReader.cpp">
      <Filter>Source Files\io</Filter>
    </ClCompile>
    <ClCompile Include="src\ShaderUtils.cpp">
      <Filter>Source Files\utils</Filter>
    </ClCompile>
    <ClCompile Include="src\RenderUtils.cpp">
      <Filter>Source Files\utils</Filter>
    </ClCompile>
    <ClCompile Include="src\Shaders.cpp">
      <Filter>Source Files\gl</Filter>
    </ClCompile>
    <ClCompile Include="src\Texture.cpp">
      <Filter>Source Files\gl</Filter>
    </ClCompile>
    <ClCompile Include="src\SpriteRenderable.cpp">
      <Filter>Source Files\gfx</Filter>
    </ClCompile>
    <ClCompile Include="src\Spritesheet.cpp">
      <Filter>Source Files\gfx</Filter>
    </ClCompile>
    <ClCompile Include="src\TileRenderer.cpp">
      <Filter>Source Files\gfx</Filter>
    </ClCompile>
    <ClCompile Include="src\FramebufferRenderer.cpp">
      <Filter>Source Files\gfx</Filter>
    </ClCompile>
    <ClCompile Include="src\MapBorderRenderer.cpp">
      <Filter>Source Files\gfx</Filter>
    </ClCompile>
    <ClCompile Include="src\Building.cpp">
      <Filter>Source Files</Filter>
    </ClCompile>
    <ClCompile Include="src\Rect.cpp">
      <Filter>Source Files</Filter>
    </ClCompile>
    <ClCompile Include="src\GameRenderer.cpp">
      <Filter>Source Files\gfx</Filter>
    </ClCompile>
    <ClCompile Include="src\Entity.cpp">
      <Filter>Source Files</Filter>
    </ClCompile>
    <ClCompile Include="src\EntityComponent.cpp">
      <Filter>Source Files</Filter>
    </ClCompile>
    <ClCompile Include="src\FacingComponent.cpp">
      <Filter>Source Files\entity-components</Filter>
    </ClCompile>
    <ClCompile Include="src\EntityRenderer.cpp">
      <Filter>Source Files\gfx</Filter>
    </ClCompile>
    <ClCompile Include="src\SpriteComponent.cpp">
      <Filter>Source Files\entity-components</Filter>
    </ClCompile>
    <ClCompile Include="src\EntityFactory.cpp">
      <Filter>Source Files</Filter>
    </ClCompile>
    <ClCompile Include="src\OwnerComponent.cpp">
      <Filter>Source Files\entity-components</Filter>
    </ClCompile>
    <ClCompile Include="src\UnitPropsComponent.cpp">
      <Filter>Source Files\entity-components</Filter>
    </ClCompile>
    <ClCompile Include="src\BuildingPropsComponent.cpp">
      <Filter>Source Files\entity-components</Filter>
    </ClCompile>
    <ClCompile Include="src\UnitAnimationComponent.cpp">
      <Filter>Source Files\entity-components</Filter>
    </ClCompile>
    <ClCompile Include="src\WallComponent.cpp">
      <Filter>Source Files\entity-components</Filter>
    </ClCompile>
    <ClCompile Include="src\PassabilityComponent.cpp">
      <Filter>Source Files\entity-components</Filter>
    </ClCompile>
    <ClCompile Include="src\MouseUtils.cpp">
      <Filter>Source Files\utils</Filter>
    </ClCompile>
    <ClCompile Include="src\TextureAtlas.cpp">
      <Filter>Source Files\gfx</Filter>
    </ClCompile>
    <ClCompile Include="src\UiRenderer.cpp">
      <Filter>Source Files\gfx</Filter>
    </ClCompile>
    <ClCompile Include="src\AtlasRenderable.cpp">
      <Filter>Source Files\gfx</Filter>
    </ClCompile>
    <ClCompile Include="src\GameInterface.cpp">
      <Filter>Source Files\ui</Filter>
    </ClCompile>
    <ClCompile Include="src\AudioUtils.cpp">
      <Filter>Source Files\audio</Filter>
    </ClCompile>
    <ClCompile Include="src\AudioSystem.cpp">
      <Filter>Source Files\audio</Filter>
    </ClCompile>
    <ClCompile Include="src\MidiContainer.cpp">
      <Filter>Source Files\audio\midi</Filter>
    </ClCompile>
    <ClCompile Include="src\MidiFile.cpp">
      <Filter>Source Files\audio\midi</Filter>
    </ClCompile>
    <ClCompile Include="src\MidiPlayer.cpp">
      <Filter>Source Files\audio\midi</Filter>
    </ClCompile>
    <ClCompile Include="src\MidsDecoder.cpp">
      <Filter>Source Files\audio\midi</Filter>
    </ClCompile>
    <ClCompile Include="src\Application.cpp">
      <Filter>Source Files\application</Filter>
    </ClCompile>
    <ClCompile Include="src\Window.cpp">
      <Filter>Source Files\application</Filter>
    </ClCompile>
    <ClCompile Include="src\State.cpp">
      <Filter>Source Files\application</Filter>
    </ClCompile>
    <ClCompile Include="src\Resources.cpp">
      <Filter>Source Files\application</Filter>
    </ClCompile>
    <ClCompile Include="src\WaveFile.cpp">
      <Filter>Source Files\audio\wav</Filter>
    </ClCompile>
    <ClCompile Include="src\SoundSource.cpp">
      <Filter>Source Files\audio</Filter>
    </ClCompile>
    <ClCompile Include="src\FileUtils.cpp">
      <Filter>Source Files\utils</Filter>
    </ClCompile>
    <ClCompile Include="src\pch.cpp">
      <Filter>pch</Filter>
    </ClCompile>
    <ClCompile Include="src\PaletteUtils.cpp">
      <Filter>Source Files\utils</Filter>
    </ClCompile>
    <ClCompile Include="src\StringUtils.cpp">
      <Filter>Source Files\utils</Filter>
    </ClCompile>
    <ClCompile Include="src\GLUtils.cpp">
      <Filter>Source Files\utils</Filter>
    </ClCompile>
    <ClCompile Include="src\TextRenderer.cpp">
      <Filter>Source Files\gfx</Filter>
    </ClCompile>
    <ClCompile Include="src\TextRenderable.cpp">
      <Filter>Source Files\gfx</Filter>
    </ClCompile>
    <ClCompile Include="src\Font.cpp">
      <Filter>Source Files</Filter>
    </ClCompile>
    <ClCompile Include="src\MenuTextRenderer.cpp">
      <Filter>Source Files\ui</Filter>
    </ClCompile>
    <ClCompile Include="src\Color.cpp">
      <Filter>Source Files\gfx</Filter>
    </ClCompile>
    <ClCompile Include="src\PathUtils.cpp">
      <Filter>Source Files\utils</Filter>
    </ClCompile>
    <ClCompile Include="src\WalkerComponent.cpp">
      <Filter>Source Files\entity-components</Filter>
    </ClCompile>
    <ClCompile Include="src\MapUtils.cpp">
      <Filter>Source Files\utils</Filter>
    </ClCompile>
    <ClCompile Include="src\MovementComponent.cpp">
      <Filter>Source Files\entity-components</Filter>
    </ClCompile>
    <ClCompile Include="src\VoiceComponent.cpp">
      <Filter>Source Files\entity-components</Filter>
    </ClCompile>
    <ClCompile Include="src\UnitDef.cpp">
      <Filter>Source Files</Filter>
    </ClCompile>
    <ClCompile Include="src\Sounds.cpp">
      <Filter>Source Files</Filter>
    </ClCompile>
    <ClCompile Include="src\MouseHandlerComponent.cpp">
      <Filter>Source Files\entity-components</Filter>
    </ClCompile>
    <ClCompile Include="src\GameState.cpp">
      <Filter>Source Files\game</Filter>
    </ClCompile>
    <ClCompile Include="src\MousePicker.cpp">
      <Filter>Source Files\game</Filter>
    </ClCompile>
    <ClCompile Include="src\Pathfinding.cpp">
      <Filter>Source Files\game</Filter>
    </ClCompile>
    <ClCompile Include="src\Tile.cpp">
      <Filter>Source Files\game</Filter>
    </ClCompile>
    <ClCompile Include="src\Camera.cpp">
      <Filter>Source Files\game</Filter>
    </ClCompile>
    <ClCompile Include="src\Animations.cpp">
      <Filter>Source Files\game</Filter>
    </ClCompile>
    <ClCompile Include="src\PlayerState.cpp">
      <Filter>Source Files\game</Filter>
    </ClCompile>
    <ClCompile Include="src\GameCommand.cpp">
      <Filter>Source Files\commands</Filter>
    </ClCompile>
    <ClCompile Include="src\MoveCommand.cpp">
      <Filter>Source Files\commands</Filter>
    </ClCompile>
    <ClCompile Include="src\InventoryComponent.cpp">
      <Filter>Source Files\entity-components</Filter>
    </ClCompile>
    <ClCompile Include="src\PortraitComponent.cpp">
      <Filter>Source Files\entity-components</Filter>
    </ClCompile>
    <ClCompile Include="src\InputUtils.cpp">
      <Filter>Source Files\utils</Filter>
    </ClCompile>
    <ClCompile Include="src\Cursor.cpp">
      <Filter>Source Files\ui</Filter>
    </ClCompile>
    <ClCompile Include="src\PlayerContext.cpp">
      <Filter>Source Files\game</Filter>
    </ClCompile>
    <ClCompile Include="src\BuildingAnimationComponent.cpp">
      <Filter>Source Files\entity-components</Filter>
    </ClCompile>
    <ClCompile Include="src\BuildingDef.cpp">
      <Filter>Source Files</Filter>
    </ClCompile>
    <ClCompile Include="src\JsonUtils.cpp">
      <Filter>Source Files\utils</Filter>
    </ClCompile>
    <ClCompile Include="src\FlyerComponent.cpp">
      <Filter>Source Files\entity-components</Filter>
    </ClCompile>
    <ClCompile Include="src\SeafarerComponent.cpp">
      <Filter>Source Files\entity-components</Filter>
    </ClCompile>
    <ClCompile Include="src\platform\win32\WindowsTimeUtils.cpp">
      <Filter>Source Files\platform\win32</Filter>
    </ClCompile>
    <ClCompile Include="src\platform\unix\UnixTimeUtils.cpp">
      <Filter>Source Files\platform\unix</Filter>
    </ClCompile>
    <ClCompile Include="src\platform\win32\WindowsSocket.cpp">
      <Filter>Source Files\platform\win32</Filter>
    </ClCompile>
    <ClCompile Include="src\TimeUtils.cpp">
      <Filter>Source Files\utils</Filter>
    </ClCompile>
    <ClCompile Include="src\net\Socket.cpp">
      <Filter>Source Files\net</Filter>
    </ClCompile>
    <ClCompile Include="src\net\WindowsNetUtils.cpp">
      <Filter>Source Files\platform\win32</Filter>
    </ClCompile>
    <ClCompile Include="src\net\Server.cpp">
      <Filter>Source Files\net</Filter>
    </ClCompile>
    <ClCompile Include="src\net\Connection.cpp">
      <Filter>Source Files\net</Filter>
    </ClCompile>
    <ClCompile Include="src\ApplicationContext.cpp">
      <Filter>Source Files\application</Filter>
    </ClCompile>
    <ClCompile Include="src\net\PacketFactory.cpp">
      <Filter>Source Files\net</Filter>
    </ClCompile>
    <ClCompile Include="src\ProgramOptions.cpp">
      <Filter>Source Files\application</Filter>
    </ClCompile>
    <ClCompile Include="src\net\packets\RelayedPacket.cpp">
      <Filter>Source Files\net\packets</Filter>
    </ClCompile>
    <ClCompile Include="src\net\packet-handlers\PacketHandler.cpp">
      <Filter>Source Files\net\packet-handlers</Filter>
    </ClCompile>
    <ClCompile Include="src\net\packets\Packet.cpp">
      <Filter>Source Files\net\packets</Filter>
    </ClCompile>
    <ClCompile Include="src\net\packet-handlers\GameCommandPacketHandler.cpp">
      <Filter>Source Files\net\packet-handlers</Filter>
    </ClCompile>
    <ClCompile Include="src\net\packets\GameCommandPacket.cpp">
      <Filter>Source Files\net\packets</Filter>
    </ClCompile>
    <ClCompile Include="src\commands\GameCommandFactory.cpp">
      <Filter>Source Files\commands</Filter>
    </ClCompile>
    <ClCompile Include="src\lobby\LobbyState.cpp">
      <Filter>Source Files\lobby</Filter>
    </ClCompile>
    <ClCompile Include="src\net\packets\RequestJoinPacket.cpp">
      <Filter>Source Files\net\packets</Filter>
    </ClCompile>
    <ClCompile Include="src\net\packets\StartGamePacket.cpp">
      <Filter>Source Files\net\packets</Filter>
    </ClCompile>
    <ClCompile Include="src\net\packet-handlers\RequestJoinPacketHandler.cpp">
      <Filter>Source Files\net\packet-handlers</Filter>
    </ClCompile>
    <ClCompile Include="src\net\packets\AcceptPlayerPacket.cpp">
      <Filter>Source Files\net\packets</Filter>
    </ClCompile>
    <ClCompile Include="src\net\packets\KickPlayerPacket.cpp">
      <Filter>Source Files\net\packets</Filter>
    </ClCompile>
    <ClCompile Include="src\net\packet-handlers\AcceptPlayerPacketHandler.cpp">
      <Filter>Source Files\net\packet-handlers</Filter>
    </ClCompile>
    <ClCompile Include="src\net\packet-handlers\KickPlayerPacketHandler.cpp">
      <Filter>Source Files\net\packet-handlers</Filter>
    </ClCompile>
    <ClCompile Include="src\net\packets\RejectPlayerPacket.cpp">
      <Filter>Source Files\net\packets</Filter>
    </ClCompile>
    <ClCompile Include="src\net\packet-handlers\RejectPlayerPacketHandler.cpp">
      <Filter>Source Files\net\packet-handlers</Filter>
    </ClCompile>
    <ClCompile Include="src\net\packet-handlers\StartGamePacketHandler.cpp">
      <Filter>Source Files\net\packet-handlers</Filter>
    </ClCompile>
    <ClCompile Include="src\net\packets\LobbyWelcomePacket.cpp">
      <Filter>Source Files\net\packets</Filter>
    </ClCompile>
    <ClCompile Include="src\net\packet-handlers\LobbyWelcomePacketHandler.cpp">
      <Filter>Source Files\net\packet-handlers</Filter>
    </ClCompile>
    <ClCompile Include="src\net\ClientInfo.cpp">
      <Filter>Source Files\net</Filter>
    </ClCompile>
    <ClCompile Include="src\utils\BufferUtils.cpp">
      <Filter>Source Files\utils</Filter>
    </ClCompile>
    <ClCompile Include="src\ui\MenuRenderer.cpp">
      <Filter>Source Files\ui</Filter>
    </ClCompile>
    <ClCompile Include="src\ui\CursorRenderer.cpp">
      <Filter>Source Files\ui</Filter>
    </ClCompile>
  </ItemGroup>
  <ItemGroup>
    <ClInclude Include="include\World.h">
      <Filter>Source Files</Filter>
    </ClInclude>
    <ClInclude Include="include\BinaryFileReader.h">
      <Filter>Source Files\io</Filter>
    </ClInclude>
    <ClInclude Include="include\Framebuffer.h">
      <Filter>Source Files\gl</Filter>
    </ClInclude>
    <ClInclude Include="include\Image.h">
      <Filter>Source Files\io</Filter>
    </ClInclude>
    <ClInclude Include="include\MathUtils.h">
      <Filter>Source Files\utils</Filter>
    </ClInclude>
    <ClInclude Include="include\Palette.h">
      <Filter>Source Files\gfx</Filter>
    </ClInclude>
    <ClInclude Include="include\ScenarioBuilder.h">
      <Filter>Source Files\io</Filter>
    </ClInclude>
    <ClInclude Include="include\ScenarioData.h">
      <Filter>Source Files\io</Filter>
    </ClInclude>
    <ClInclude Include="include\ScenarioReader.h">
      <Filter>Source Files\io</Filter>
    </ClInclude>
    <ClInclude Include="include\ShaderUtils.h">
      <Filter>Source Files\utils</Filter>
    </ClInclude>
    <ClInclude Include="include\RenderUtils.h">
      <Filter>Source Files\utils</Filter>
    </ClInclude>
    <ClInclude Include="include\Shaders.h">
      <Filter>Source Files\gl</Filter>
    </ClInclude>
    <ClInclude Include="include\Texture.h">
      <Filter>Source Files\gl</Filter>
    </ClInclude>
    <ClInclude Include="include\SpriteRenderable.h">
      <Filter>Source Files\gfx</Filter>
    </ClInclude>
    <ClInclude Include="include\Spritesheet.h">
      <Filter>Source Files\gfx</Filter>
    </ClInclude>
    <ClInclude Include="include\TileRenderer.h">
      <Filter>Source Files\gfx</Filter>
    </ClInclude>
    <ClInclude Include="include\FramebufferRenderer.h">
      <Filter>Source Files\gfx</Filter>
    </ClInclude>
    <ClInclude Include="include\MapBorderRenderer.h">
      <Filter>Source Files\gfx</Filter>
    </ClInclude>
    <ClInclude Include="include\Race.h">
      <Filter>Source Files</Filter>
    </ClInclude>
    <ClInclude Include="include\Building.h">
      <Filter>Source Files</Filter>
    </ClInclude>
    <ClInclude Include="include\Rect.h">
      <Filter>Source Files</Filter>
    </ClInclude>
    <ClInclude Include="include\GameRenderer.h">
      <Filter>Source Files\gfx</Filter>
    </ClInclude>
    <ClInclude Include="include\Entity.h">
      <Filter>Source Files</Filter>
    </ClInclude>
    <ClInclude Include="include\EntityComponent.h">
      <Filter>Source Files</Filter>
    </ClInclude>
    <ClInclude Include="include\FacingComponent.h">
      <Filter>Source Files\entity-components</Filter>
    </ClInclude>
    <ClInclude Include="include\Unit.h">
      <Filter>Source Files</Filter>
    </ClInclude>
    <ClInclude Include="include\EntityRenderer.h">
      <Filter>Source Files\gfx</Filter>
    </ClInclude>
    <ClInclude Include="include\SpriteComponent.h">
      <Filter>Source Files\entity-components</Filter>
    </ClInclude>
    <ClInclude Include="include\EntityFactory.h">
      <Filter>Source Files</Filter>
    </ClInclude>
    <ClInclude Include="include\OwnerComponent.h">
      <Filter>Source Files\entity-components</Filter>
    </ClInclude>
    <ClInclude Include="include\UnitPropsComponent.h">
      <Filter>Source Files\entity-components</Filter>
    </ClInclude>
    <ClInclude Include="include\BuildingPropsComponent.h">
      <Filter>Source Files\entity-components</Filter>
    </ClInclude>
    <ClInclude Include="include\UnitAnimationComponent.h">
      <Filter>Source Files\entity-components</Filter>
    </ClInclude>
    <ClInclude Include="include\WallComponent.h">
      <Filter>Source Files\entity-components</Filter>
    </ClInclude>
    <ClInclude Include="include\PassabilityComponent.h">
      <Filter>Source Files\entity-components</Filter>
    </ClInclude>
    <ClInclude Include="include\MouseUtils.h">
      <Filter>Source Files\utils</Filter>
    </ClInclude>
    <ClInclude Include="include\TextureAtlas.h">
      <Filter>Source Files\gfx</Filter>
    </ClInclude>
    <ClInclude Include="include\UiRenderer.h">
      <Filter>Source Files\gfx</Filter>
    </ClInclude>
    <ClInclude Include="include\AtlasRenderable.h">
      <Filter>Source Files\gfx</Filter>
    </ClInclude>
    <ClInclude Include="include\GameInterface.h">
      <Filter>Source Files\ui</Filter>
    </ClInclude>
    <ClInclude Include="include\AudioUtils.h">
      <Filter>Source Files\audio</Filter>
    </ClInclude>
    <ClInclude Include="include\AudioSystem.h">
      <Filter>Source Files\audio</Filter>
    </ClInclude>
    <ClInclude Include="include\MidiContainer.h">
      <Filter>Source Files\audio\midi</Filter>
    </ClInclude>
    <ClInclude Include="include\MidiFile.h">
      <Filter>Source Files\audio\midi</Filter>
    </ClInclude>
    <ClInclude Include="include\MidiPlayer.h">
      <Filter>Source Files\audio\midi</Filter>
    </ClInclude>
    <ClInclude Include="include\MidsDecoder.h">
      <Filter>Source Files\audio\midi</Filter>
    </ClInclude>
    <ClInclude Include="include\Application.h">
      <Filter>Source Files\application</Filter>
    </ClInclude>
    <ClInclude Include="include\Window.h">
      <Filter>Source Files\application</Filter>
    </ClInclude>
    <ClInclude Include="include\State.h">
      <Filter>Source Files\application</Filter>
    </ClInclude>
    <ClInclude Include="include\Resources.h">
      <Filter>Source Files\application</Filter>
    </ClInclude>
    <ClInclude Include="include\WaveFile.h">
      <Filter>Source Files\audio\wav</Filter>
    </ClInclude>
    <ClInclude Include="include\SoundSource.h">
      <Filter>Source Files\audio</Filter>
    </ClInclude>
    <ClInclude Include="include\FileUtils.h">
      <Filter>Source Files\utils</Filter>
    </ClInclude>
    <ClInclude Include="include\ConfigUtils.h">
      <Filter>Source Files\utils</Filter>
    </ClInclude>
    <ClInclude Include="resource.h">
      <Filter>Source Files</Filter>
    </ClInclude>
    <ClInclude Include="include\pch.h">
      <Filter>pch</Filter>
    </ClInclude>
    <ClInclude Include="include\PaletteUtils.h">
      <Filter>Source Files\utils</Filter>
    </ClInclude>
    <ClInclude Include="include\StringUtils.h">
      <Filter>Source Files\utils</Filter>
    </ClInclude>
    <ClInclude Include="include\GLUtils.h">
      <Filter>Source Files\utils</Filter>
    </ClInclude>
    <ClInclude Include="include\TextRenderer.h">
      <Filter>Source Files\gfx</Filter>
    </ClInclude>
    <ClInclude Include="include\TextRenderable.h">
      <Filter>Source Files\gfx</Filter>
    </ClInclude>
    <ClInclude Include="include\Font.h">
      <Filter>Source Files</Filter>
    </ClInclude>
    <ClInclude Include="include\MenuTextRenderer.h">
      <Filter>Source Files\ui</Filter>
    </ClInclude>
    <ClInclude Include="include\Color.h">
      <Filter>Source Files\gfx</Filter>
    </ClInclude>
    <ClInclude Include="include\PathUtils.h">
      <Filter>Source Files\utils</Filter>
    </ClInclude>
    <ClInclude Include="include\WalkerComponent.h">
      <Filter>Source Files\entity-components</Filter>
    </ClInclude>
    <ClInclude Include="include\MapUtils.h">
      <Filter>Source Files\utils</Filter>
    </ClInclude>
    <ClInclude Include="include\EnumUtils.h">
      <Filter>Source Files\utils</Filter>
    </ClInclude>
    <ClInclude Include="include\MovementComponent.h">
      <Filter>Source Files\entity-components</Filter>
    </ClInclude>
    <ClInclude Include="include\EntityUtils.h">
      <Filter>Source Files\utils</Filter>
    </ClInclude>
    <ClInclude Include="include\SDLWrapper.h">
      <Filter>Source Files</Filter>
    </ClInclude>
    <ClInclude Include="include\VoiceComponent.h">
      <Filter>Source Files\entity-components</Filter>
    </ClInclude>
    <ClInclude Include="include\UnitDef.h">
      <Filter>Source Files</Filter>
    </ClInclude>
    <ClInclude Include="include\Sounds.h">
      <Filter>Source Files</Filter>
    </ClInclude>
    <ClInclude Include="include\MouseHandlerComponent.h">
      <Filter>Source Files\entity-components</Filter>
    </ClInclude>
    <ClInclude Include="include\GameState.h">
      <Filter>Source Files\game</Filter>
    </ClInclude>
    <ClInclude Include="include\MousePicker.h">
      <Filter>Source Files\game</Filter>
    </ClInclude>
    <ClInclude Include="include\Pathfinding.h">
      <Filter>Source Files\game</Filter>
    </ClInclude>
    <ClInclude Include="include\Tile.h">
      <Filter>Source Files\game</Filter>
    </ClInclude>
    <ClInclude Include="include\Camera.h">
      <Filter>Source Files\game</Filter>
    </ClInclude>
    <ClInclude Include="include\Animations.h">
      <Filter>Source Files\game</Filter>
    </ClInclude>
    <ClInclude Include="include\PlayerState.h">
      <Filter>Source Files\game</Filter>
    </ClInclude>
    <ClInclude Include="include\GameCommand.h">
      <Filter>Source Files\commands</Filter>
    </ClInclude>
    <ClInclude Include="include\MoveCommand.h">
      <Filter>Source Files\commands</Filter>
    </ClInclude>
    <ClInclude Include="include\InventoryComponent.h">
      <Filter>Source Files\entity-components</Filter>
    </ClInclude>
    <ClInclude Include="include\PortraitComponent.h">
      <Filter>Source Files\entity-components</Filter>
    </ClInclude>
    <ClInclude Include="include\InputUtils.h">
      <Filter>Source Files\utils</Filter>
    </ClInclude>
    <ClInclude Include="include\Cursor.h">
      <Filter>Source Files\ui</Filter>
    </ClInclude>
    <ClInclude Include="include\PlayerContext.h">
      <Filter>Source Files\game</Filter>
    </ClInclude>
    <ClInclude Include="include\BuildingAnimationComponent.h">
      <Filter>Source Files\entity-components</Filter>
    </ClInclude>
    <ClInclude Include="include\BuildingDef.h">
      <Filter>Source Files</Filter>
    </ClInclude>
    <ClInclude Include="include\JsonUtils.h">
      <Filter>Source Files\utils</Filter>
    </ClInclude>
    <ClInclude Include="include\FlyerComponent.h">
      <Filter>Source Files\entity-components</Filter>
    </ClInclude>
    <ClInclude Include="include\SeafarerComponent.h">
      <Filter>Source Files\entity-components</Filter>
    </ClInclude>
    <ClInclude Include="include\TimeUtils.h">
      <Filter>Source Files\utils</Filter>
    </ClInclude>
    <ClInclude Include="include\net\Socket.h">
      <Filter>Source Files\net</Filter>
    </ClInclude>
    <ClInclude Include="include\net\NetUtils.h">
      <Filter>Source Files\net</Filter>
    </ClInclude>
    <ClInclude Include="include\net\Server.h">
      <Filter>Source Files\net</Filter>
    </ClInclude>
    <ClInclude Include="include\net\Connection.h">
      <Filter>Source Files\net</Filter>
    </ClInclude>
    <ClInclude Include="include\ApplicationContext.h">
      <Filter>Source Files\application</Filter>
    </ClInclude>
    <ClInclude Include="include\net\PacketFactory.h">
      <Filter>Source Files\net</Filter>
    </ClInclude>
    <ClInclude Include="include\net\packets\RelayedPacket.h">
      <Filter>Source Files\net\packets</Filter>
    </ClInclude>
    <ClInclude Include="include\ProgramOptions.h">
      <Filter>Source Files\application</Filter>
    </ClInclude>
    <ClInclude Include="include\net\packet-handlers\PacketHandler.h">
      <Filter>Source Files\net\packet-handlers</Filter>
    </ClInclude>
    <ClInclude Include="include\net\packets\Packet.h">
      <Filter>Source Files\net\packets</Filter>
    </ClInclude>
    <ClInclude Include="include\net\packet-handlers\GameCommandPacketHandler.h">
      <Filter>Source Files\net\packet-handlers</Filter>
    </ClInclude>
    <ClInclude Include="include\net\packets\GameCommandPacket.h">
      <Filter>Source Files\net\packets</Filter>
    </ClInclude>
    <ClInclude Include="include\utils\BufferUtils.h">
      <Filter>Source Files\utils</Filter>
    </ClInclude>
    <ClInclude Include="include\commands\GameCommandFactory.h">
      <Filter>Source Files\commands</Filter>
    </ClInclude>
    <ClInclude Include="include\lobby\LobbyState.h">
      <Filter>Source Files\lobby</Filter>
    </ClInclude>
    <ClInclude Include="include\net\packets\RequestJoinPacket.h">
      <Filter>Source Files\net\packets</Filter>
    </ClInclude>
    <ClInclude Include="include\net\packets\StartGamePacket.h">
      <Filter>Source Files\net\packets</Filter>
    </ClInclude>
    <ClInclude Include="include\net\packet-handlers\RequestJoinPacketHandler.h">
      <Filter>Source Files\net\packet-handlers</Filter>
    </ClInclude>
    <ClInclude Include="include\net\packets\AcceptPlayerPacket.h">
      <Filter>Source Files\net\packets</Filter>
    </ClInclude>
    <ClInclude Include="include\net\packets\KickPlayerPacket.h">
      <Filter>Source Files\net\packets</Filter>
    </ClInclude>
    <ClInclude Include="include\net\packet-handlers\KickPlayerPacketHandler.h">
      <Filter>Source Files\net\packet-handlers</Filter>
    </ClInclude>
    <ClInclude Include="include\net\packet-handlers\AcceptPlayerPacketHandler.h">
      <Filter>Source Files\net\packet-handlers</Filter>
    </ClInclude>
    <ClInclude Include="include\net\packets\RejectPlayerPacket.h">
      <Filter>Source Files\net\packets</Filter>
    </ClInclude>
    <ClInclude Include="include\net\packet-handlers\RejectPlayerPacketHandler.h">
      <Filter>Source Files\net\packet-handlers</Filter>
    </ClInclude>
    <ClInclude Include="include\net\packet-handlers\StartGamePacketHandler.h">
      <Filter>Source Files\net\packet-handlers</Filter>
    </ClInclude>
    <ClInclude Include="include\net\packets\LobbyWelcomePacket.h">
      <Filter>Source Files\net\packets</Filter>
    </ClInclude>
    <ClInclude Include="include\net\packet-handlers\LobbyWelcomePacketHandler.h">
      <Filter>Source Files\net\packet-handlers</Filter>
    </ClInclude>
    <ClInclude Include="include\net\ClientInfo.h">
      <Filter>Source Files\net</Filter>
    </ClInclude>
    <ClInclude Include="include\ui\MenuRenderer.h">
      <Filter>Source Files\ui</Filter>
    </ClInclude>
    <ClInclude Include="include\ui\CursorRenderer.h">
      <Filter>Source Files\ui</Filter>
    </ClInclude>
  </ItemGroup>
  <ItemGroup>
    <Image Include="res\icons\rival.ico">
      <Filter>Resources</Filter>
    </Image>
  </ItemGroup>
  <ItemGroup>
    <ResourceCompile Include="Open-Rival.rc">
      <Filter>Resources</Filter>
    </ResourceCompile>
  </ItemGroup>
</Project>