<?xml version="1.0" encoding="utf-8"?>
<Project ToolsVersion="4.0" xmlns="http://schemas.microsoft.com/developer/msbuild/2003">
  <ItemGroup>
    <Filter Include="Tests">
      <UniqueIdentifier>{bf3fc534-9a2f-4517-9368-e49f6e7b9e8b}</UniqueIdentifier>
    </Filter>
    <Filter Include="Source Files">
      <UniqueIdentifier>{3de3ffc8-4c47-40e6-9bc2-9c01d69b2624}</UniqueIdentifier>
    </Filter>
    <Filter Include="Test Doubles">
      <UniqueIdentifier>{ee5cc03e-a92e-445d-98df-4ef4a7ecf5e5}</UniqueIdentifier>
    </Filter>
    <Filter Include="Test Doubles\gl">
      <UniqueIdentifier>{ffc1714a-dfc8-4266-a1c4-5170e2cce2ff}</UniqueIdentifier>
    </Filter>
    <Filter Include="Test Framework">
      <UniqueIdentifier>{4FC737F1-C7A5-4376-A066-2A32D752A2FF}</UniqueIdentifier>
      <Extensions>cpp;c;cc;cxx;def;odl;idl;hpj;bat;asm;asmx</Extensions>
    </Filter>
    <Filter Include="Test Framework\catch2">
      <UniqueIdentifier>{5c7dcad4-0a02-4905-971b-78a34a5b513b}</UniqueIdentifier>
    </Filter>
    <Filter Include="Source Files\utils">
      <UniqueIdentifier>{6f88fde7-af1a-4e9f-af13-34f7523b9398}</UniqueIdentifier>
    </Filter>
    <Filter Include="Source Files\components">
      <UniqueIdentifier>{ed9d4a26-7d6e-432a-86cd-b5e3e44fab35}</UniqueIdentifier>
    </Filter>
    <Filter Include="Source Files\gl">
      <UniqueIdentifier>{001e8b76-8d71-477d-927c-3d33e000f2e7}</UniqueIdentifier>
    </Filter>
    <Filter Include="Source Files\gfx">
      <UniqueIdentifier>{fab1988e-128a-4e56-838d-edb86429429c}</UniqueIdentifier>
    </Filter>
    <Filter Include="Source Files\application">
      <UniqueIdentifier>{6751fdbf-4cb8-4be6-88af-e4f4a676dd60}</UniqueIdentifier>
    </Filter>
    <Filter Include="Test Doubles\application">
      <UniqueIdentifier>{9114b492-ebaa-4e76-9285-694bb1a1f17e}</UniqueIdentifier>
    </Filter>
    <Filter Include="Test Doubles\gfx">
      <UniqueIdentifier>{7f69a13b-3317-4686-a898-b01d80ed2098}</UniqueIdentifier>
    </Filter>
    <Filter Include="Source Files\audio">
      <UniqueIdentifier>{3113e33f-23e8-4ca4-9ccf-c8f453bfe771}</UniqueIdentifier>
    </Filter>
    <Filter Include="Test Doubles\audio">
      <UniqueIdentifier>{5cc09711-1210-4698-9142-85cc695bcf37}</UniqueIdentifier>
    </Filter>
    <Filter Include="Source Files\audio\midi">
      <UniqueIdentifier>{6a060f3e-d1e8-4361-992a-3568455e69c9}</UniqueIdentifier>
    </Filter>
  </ItemGroup>
  <ItemGroup>
    <ClCompile Include="src\Main.cpp">
      <Filter>Test Framework</Filter>
    </ClCompile>
    <ClCompile Include="src\TestApplication.cpp">
      <Filter>Tests</Filter>
    </ClCompile>
    <ClCompile Include="..\Open-Rival\src\pch.cpp">
      <Filter>Source Files</Filter>
    </ClCompile>
    <ClCompile Include="..\Open-Rival\src\Spritesheet.cpp">
      <Filter>Source Files</Filter>
    </ClCompile>
    <ClCompile Include="src\TestCamera.cpp">
      <Filter>Tests</Filter>
    </ClCompile>
    <ClCompile Include="..\Open-Rival\src\Camera.cpp">
      <Filter>Source Files</Filter>
    </ClCompile>
    <ClCompile Include="..\Open-Rival\src\MathUtils.cpp">
      <Filter>Source Files\utils</Filter>
    </ClCompile>
    <ClCompile Include="..\Open-Rival\src\Building.cpp">
      <Filter>Source Files</Filter>
    </ClCompile>
    <ClCompile Include="..\Open-Rival\src\Tile.cpp">
      <Filter>Source Files</Filter>
    </ClCompile>
    <ClCompile Include="..\Open-Rival\src\RenderUtils.cpp">
      <Filter>Source Files\utils</Filter>
    </ClCompile>
    <ClCompile Include="src\TestRenderUtils.cpp">
      <Filter>Tests</Filter>
    </ClCompile>
    <ClCompile Include="src\TestMousePicker.cpp">
      <Filter>Tests</Filter>
    </ClCompile>
    <ClCompile Include="..\Open-Rival\src\MousePicker.cpp">
      <Filter>Source Files</Filter>
    </ClCompile>
    <ClCompile Include="..\Open-Rival\src\Rect.cpp">
      <Filter>Source Files</Filter>
    </ClCompile>
    <ClCompile Include="src\TestSpritesheet.cpp">
      <Filter>Tests</Filter>
    </ClCompile>
    <ClCompile Include="..\Open-Rival\src\Entity.cpp">
      <Filter>Source Files</Filter>
    </ClCompile>
    <ClCompile Include="..\Open-Rival\src\EntityComponent.cpp">
      <Filter>Source Files</Filter>
    </ClCompile>
    <ClCompile Include="src\TestEntity.cpp">
      <Filter>Tests</Filter>
    </ClCompile>
    <ClCompile Include="src\TestAnimationComponent.cpp">
      <Filter>Tests</Filter>
    </ClCompile>
    <ClCompile Include="..\Open-Rival\src\MouseUtils.cpp">
      <Filter>Source Files\utils</Filter>
    </ClCompile>
    <ClCompile Include="..\Open-Rival\src\SpriteComponent.cpp">
      <Filter>Source Files\components</Filter>
    </ClCompile>
    <ClCompile Include="..\Open-Rival\src\FacingComponent.cpp">
      <Filter>Source Files\components</Filter>
    </ClCompile>
    <ClCompile Include="..\Open-Rival\src\SpriteRenderable.cpp">
      <Filter>Source Files\gfx</Filter>
    </ClCompile>
    <ClCompile Include="..\Open-Rival\src\Shaders.cpp">
      <Filter>Source Files\gl</Filter>
    </ClCompile>
    <ClCompile Include="src\gl\glew.cpp">
      <Filter>Test Doubles\gl</Filter>
    </ClCompile>
    <ClCompile Include="..\Open-Rival\src\ShaderUtils.cpp">
      <Filter>Source Files\utils</Filter>
    </ClCompile>
    <ClCompile Include="..\Open-Rival\src\Application.cpp">
      <Filter>Source Files\application</Filter>
    </ClCompile>
    <ClCompile Include="..\Open-Rival\src\State.cpp">
      <Filter>Source Files\application</Filter>
    </ClCompile>
    <ClCompile Include="src\Window.cpp">
      <Filter>Test Doubles\application</Filter>
    </ClCompile>
    <ClCompile Include="src\Resources.cpp">
      <Filter>Test Doubles\application</Filter>
    </ClCompile>
    <ClCompile Include="src\Texture.cpp">
      <Filter>Test Doubles\gfx</Filter>
    </ClCompile>
    <ClCompile Include="..\Open-Rival\src\TextureAtlas.cpp">
      <Filter>Source Files\gfx</Filter>
    </ClCompile>
    <ClCompile Include="src\AudioSystem.cpp">
      <Filter>Test Doubles\audio</Filter>
    </ClCompile>
    <ClCompile Include="..\Open-Rival\src\MidiFile.cpp">
      <Filter>Source Files\audio\midi</Filter>
    </ClCompile>
    <ClCompile Include="..\Open-Rival\src\MidiContainer.cpp">
      <Filter>Source Files\audio\midi</Filter>
    </ClCompile>
    <ClCompile Include="..\Open-Rival\src\RtMidi.cpp">
      <Filter>Source Files\audio</Filter>
    </ClCompile>
    <ClCompile Include="src\MockSDL.cpp">
      <Filter>Test Doubles</Filter>
    </ClCompile>
    <ClCompile Include="..\Open-Rival\src\GLUtils.cpp">
      <Filter>Source Files\utils</Filter>
    </ClCompile>
    <ClCompile Include="src\Font.cpp">
      <Filter>Test Doubles</Filter>
    </ClCompile>
    <ClCompile Include="src\TestMapUtils.cpp">
      <Filter>Tests</Filter>
    </ClCompile>
    <ClCompile Include="..\Open-Rival\src\MapUtils.cpp">
      <Filter>Source Files\utils</Filter>
    </ClCompile>
    <ClCompile Include="..\Open-Rival\src\Animations.cpp">
      <Filter>Source Files</Filter>
    </ClCompile>
    <ClCompile Include="..\Open-Rival\src\UnitPropsComponent.cpp">
      <Filter>Source Files\components</Filter>
    </ClCompile>
    <ClCompile Include="..\Open-Rival\src\MovementComponent.cpp">
      <Filter>Source Files\components</Filter>
    </ClCompile>
    <ClCompile Include="..\Open-Rival\src\BuildingAnimationComponent.cpp">
      <Filter>Source Files\components</Filter>
    </ClCompile>
    <ClCompile Include="..\Open-Rival\src\UnitAnimationComponent.cpp">
      <Filter>Source Files\components</Filter>
    </ClCompile>
    <ClCompile Include="..\Open-Rival\src\World.cpp">
      <Filter>Source Files</Filter>
    </ClCompile>
  </ItemGroup>
  <ItemGroup>
    <ClInclude Include="include\catch2\catch.h">
      <Filter>Test Framework\catch2</Filter>
    </ClInclude>
    <ClInclude Include="include\gl\glew.h">
      <Filter>Test Doubles\gl</Filter>
    </ClInclude>
    <ClInclude Include="include\MockSDL.h">
      <Filter>Test Doubles</Filter>
    </ClInclude>
  </ItemGroup>
</Project>